
Microsoft Visual Studio Solution File, Format Version 12.00
# Visual Studio 2012
Project("{FAE04EC0-301F-11D3-BF4B-00C04F79EFBC}") = "AsteroidAttack", "AsteroidAttack\AsteroidAttack.csproj", "{310A3C92-1D37-491B-AA72-3AC159F06265}"
EndProject
Project("{FAE04EC0-301F-11D3-BF4B-00C04F79EFBC}") = "QuickFont", "QuickFont\QuickFont.csproj", "{BBECE6FC-EF63-40F8-A734-A500D1DFC1AF}"
EndProject
Global
	GlobalSection(SolutionConfigurationPlatforms) = preSolution
		Debug|Any CPU = Debug|Any CPU
		Release|Any CPU = Release|Any CPU
	EndGlobalSection
	GlobalSection(ProjectConfigurationPlatforms) = postSolution
		{310A3C92-1D37-491B-AA72-3AC159F06265}.Debug|Any CPU.ActiveCfg = Debug|Any CPU
		{310A3C92-1D37-491B-AA72-3AC159F06265}.Debug|Any CPU.Build.0 = Debug|Any CPU
		{310A3C92-1D37-491B-AA72-3AC159F06265}.Release|Any CPU.ActiveCfg = Release|Any CPU
		{310A3C92-1D37-491B-AA72-3AC159F06265}.Release|Any CPU.Build.0 = Release|Any CPU
		{BBECE6FC-EF63-40F8-A734-A500D1DFC1AF}.Debug|Any CPU.ActiveCfg = Debug|Any CPU
		{BBECE6FC-EF63-40F8-A734-A500D1DFC1AF}.Debug|Any CPU.Build.0 = Debug|Any CPU
		{BBECE6FC-EF63-40F8-A734-A500D1DFC1AF}.Release|Any CPU.ActiveCfg = Release|Any CPU
		{BBECE6FC-EF63-40F8-A734-A500D1DFC1AF}.Release|Any CPU.Build.0 = Release|Any CPU
	EndGlobalSection
	GlobalSection(SolutionProperties) = preSolution
		HideSolutionNode = FALSE
	EndGlobalSection
EndGlobal
